# This file is autogenerated, do not edit; changes may be undone by the next 'dep ensure'.


[[projects]]
  branch = "master"
  digest = "1:be67856ee9db6bc00e3d69a9b7242cd274769dd7d55a9c733734b00154417f36"
  name = "github.com/catalinc/hashcash"
  packages = ["."]
  pruneopts = "UT"
  revision = "e6bc29ff4de927cdd8143d58e119b6ba2735e8a4"

[[projects]]
  digest = "1:71af38f8f7018d1d24e47dca7547dbeb65900c06c7dfe7f79f26883d3e076695"
  name = "github.com/devopsfaith/krakend"
  packages = ["core"]
  pruneopts = "UT"
  revision = "5aca9386db20759f750c18fd71daee950f2f284d"
  version = "0.6.1"

[solve-meta]
  analyzer-name = "dep"
  analyzer-version = 1
  input-imports = [
    "github.com/catalinc/hashcash",
    "github.com/devopsfaith/krakend/core",
  ]
  solver-name = "gps-cdcl"
  solver-version = 1
